<?xml version="1.0"?>
<Project ToolsVersion="4.0" xmlns="http://schemas.microsoft.com/developer/msbuild/2003">
	<ItemGroup>
		<ClCompile Include="src\ofApp.cpp">
			<Filter>src</Filter>
		</ClCompile>
		<ClCompile Include="src\main.cpp">
			<Filter>src</Filter>
		</ClCompile>
		<ClCompile Include="src\main.cpp">
			<Filter>src</Filter>
		</ClCompile>
		<ClCompile Include="src\ofApp.cpp">
			<Filter>src</Filter>
		</ClCompile>
		<ClCompile Include="..\..\..\addons\ofxCurl\src\HttpClient.cpp">
			<Filter>addons\ofxCurl\src</Filter>
		</ClCompile>
		<ClCompile Include="..\..\..\addons\ofxCurl\libs\jsoncpp\src\jsoncpp.cpp">
			<Filter>addons\ofxCurl\libs\jsoncpp\src</Filter>
		</ClCompile>
	</ItemGroup>
	<ItemGroup>
		<Filter Include="src">
			<UniqueIdentifier>{d8376475-7454-4a24-b08a-aac121d3ad6f}</UniqueIdentifier>
		</Filter>
		<Filter Include="addons">
			<UniqueIdentifier>{71834F65-F3A9-211E-73B8-DC85}</UniqueIdentifier>
		</Filter>
		<Filter Include="addons\ofxCurl">
			<UniqueIdentifier>{3EF73AB5-791A-1182-1A8C-AB56}</UniqueIdentifier>
		</Filter>
		<Filter Include="addons\ofxCurl\src">
			<UniqueIdentifier>{67AE2F26-A86D-D3B9-A8F2-4C22}</UniqueIdentifier>
		</Filter>
		<Filter Include="addons\ofxCurl\libs">
			<UniqueIdentifier>{61A72C37-FFF0-D2CD-497D-F673}</UniqueIdentifier>
		</Filter>
		<Filter Include="addons\ofxCurl\libs\jsoncpp">
			<UniqueIdentifier>{EE3E756A-FDF3-48FC-9157-4356}</UniqueIdentifier>
		</Filter>
		<Filter Include="addons\ofxCurl\libs\jsoncpp\include">
			<UniqueIdentifier>{824F5403-81CE-B216-977B-192A}</UniqueIdentifier>
		</Filter>
		<Filter Include="addons\ofxCurl\libs\jsoncpp\include\jsoncpp">
			<UniqueIdentifier>{E3A1EFBD-5C04-FDCC-548F-6C26}</UniqueIdentifier>
		</Filter>
		<Filter Include="addons\ofxCurl\libs\jsoncpp\src">
			<UniqueIdentifier>{F7C4BC73-F7E1-564D-B318-6A40}</UniqueIdentifier>
		</Filter>
		<Filter Include="addons\ofxCurl\libs\libcurl">
			<UniqueIdentifier>{19B5939A-5CD2-0EEB-3DAC-576B}</UniqueIdentifier>
		</Filter>
		<Filter Include="addons\ofxCurl\libs\libcurl\include">
			<UniqueIdentifier>{3974BB99-9179-AA78-ECA5-91C2}</UniqueIdentifier>
		</Filter>
		<Filter Include="addons\ofxCurl\libs\libcurl\include\curl">
			<UniqueIdentifier>{3EE0F81E-8727-C3E0-9861-C179}</UniqueIdentifier>
		</Filter>
	</ItemGroup>
	<ItemGroup>
		<ClInclude Include="src\ofApp.h">
			<Filter>src</Filter>
		</ClInclude>
		<ClInclude Include="src\ofApp.h">
			<Filter>src</Filter>
		</ClInclude>
		<ClInclude Include="..\..\..\addons\ofxCurl\src\HttpClient.h">
			<Filter>addons\ofxCurl\src</Filter>
		</ClInclude>
		<ClInclude Include="..\..\..\addons\ofxCurl\libs\jsoncpp\include\jsoncpp\json-forwards.h">
			<Filter>addons\ofxCurl\libs\jsoncpp\include\jsoncpp</Filter>
		</ClInclude>
		<ClInclude Include="..\..\..\addons\ofxCurl\libs\jsoncpp\include\jsoncpp\json.h">
			<Filter>addons\ofxCurl\libs\jsoncpp\include\jsoncpp</Filter>
		</ClInclude>
		<ClInclude Include="..\..\..\addons\ofxCurl\libs\libcurl\include\curl\curl.h">
			<Filter>addons\ofxCurl\libs\libcurl\include\curl</Filter>
		</ClInclude>
		<ClInclude Include="..\..\..\addons\ofxCurl\libs\libcurl\include\curl\curlbuild.h">
			<Filter>addons\ofxCurl\libs\libcurl\include\curl</Filter>
		</ClInclude>
		<ClInclude Include="..\..\..\addons\ofxCurl\libs\libcurl\include\curl\curlrules.h">
			<Filter>addons\ofxCurl\libs\libcurl\include\curl</Filter>
		</ClInclude>
		<ClInclude Include="..\..\..\addons\ofxCurl\libs\libcurl\include\curl\curlver.h">
			<Filter>addons\ofxCurl\libs\libcurl\include\curl</Filter>
		</ClInclude>
		<ClInclude Include="..\..\..\addons\ofxCurl\libs\libcurl\include\curl\easy.h">
			<Filter>addons\ofxCurl\libs\libcurl\include\curl</Filter>
		</ClInclude>
		<ClInclude Include="..\..\..\addons\ofxCurl\libs\libcurl\include\curl\mprintf.h">
			<Filter>addons\ofxCurl\libs\libcurl\include\curl</Filter>
		</ClInclude>
		<ClInclude Include="..\..\..\addons\ofxCurl\libs\libcurl\include\curl\multi.h">
			<Filter>addons\ofxCurl\libs\libcurl\include\curl</Filter>
		</ClInclude>
		<ClInclude Include="..\..\..\addons\ofxCurl\libs\libcurl\include\curl\stdcheaders.h">
			<Filter>addons\ofxCurl\libs\libcurl\include\curl</Filter>
		</ClInclude>
		<ClInclude Include="..\..\..\addons\ofxCurl\libs\libcurl\include\curl\typecheck-gcc.h">
			<Filter>addons\ofxCurl\libs\libcurl\include\curl</Filter>
		</ClInclude>
	</ItemGroup>
	<ItemGroup>
		<ResourceCompile Include="icon.rc" />
	</ItemGroup>
</Project>
